{
  "name": "testVueJS",
  "version": "1.0.0",
  "lockfileVersion": 1,
  "requires": true,
  "dependencies": {
    "cleave.js": {
      "version": "1.6.0",
      "resolved": "https://registry.npmjs.org/cleave.js/-/cleave.js-1.6.0.tgz",
      "integrity": "sha512-ivqesy3j5hQVG3gywPfwKPbi/7ZSftY/UNp5uphnqjr25yI2CP8FS2ODQPzuLXXnNLi29e2+PgPkkiKUXLs/Nw=="
    },
    "vue": {
      "version": "2.6.12",
      "resolved": "https://registry.npmjs.org/vue/-/vue-2.6.12.tgz",
      "integrity": "sha512-uhmLFETqPPNyuLLbsKz6ioJ4q7AZHzD8ZVFNATNyICSZouqP2Sz0rotWQC8UNBF6VGSCs5abnKJoStA6JbCbfg=="
    },
    "vue-cleave-component": {
      "version": "3.0.0",
      "resolved": "https://registry.npmjs.org/vue-cleave-component/-/vue-cleave-component-3.0.0.tgz",
      "integrity": "sha512-YH4X0aD8+6XI7iMnSNqaFPBcXdxfva+eh7C870UJa4DBWTiSpEd0/NFeWs2XNnm8uApN7oxikivRnlAdUkNJ/w==",
      "requires": {
        "cleave.js": "^1.5.10"
      }
    }
  }
}
